
Microsoft Visual Studio Solution File, Format Version 12.00
# Visual Studio Version 17
VisualStudioVersion = 17.11.35219.272
MinimumVisualStudioVersion = 10.0.40219.1
Project("{FAE04EC0-301F-11D3-BF4B-00C04F79EFBC}") = "HMCTS.TaskManagement.API", "HMCTS.TaskManagement.API\HMCTS.TaskManagement.API.csproj", "{F7E7A469-7A05-45D8-A472-95B46140EE6E}"
EndProject
Project("{FAE04EC0-301F-11D3-BF4B-00C04F79EFBC}") = "TestProject", "TestProject\TestProject.csproj", "{08639FB3-2485-4185-B178-6593495D3598}"
EndProject
Global
	GlobalSection(SolutionConfigurationPlatforms) = preSolution
		Debug|Any CPU = Debug|Any CPU
		Release|Any CPU = Release|Any CPU
	EndGlobalSection
	GlobalSection(ProjectConfigurationPlatforms) = postSolution
		{F7E7A469-7A05-45D8-A472-95B46140EE6E}.Debug|Any CPU.ActiveCfg = Debug|Any CPU
		{F7E7A469-7A05-45D8-A472-95B46140EE6E}.Debug|Any CPU.Build.0 = Debug|Any CPU
		{F7E7A469-7A05-45D8-A472-95B46140EE6E}.Release|Any CPU.ActiveCfg = Release|Any CPU
		{F7E7A469-7A05-45D8-A472-95B46140EE6E}.Release|Any CPU.Build.0 = Release|Any CPU
		{08639FB3-2485-4185-B178-6593495D3598}.Debug|Any CPU.ActiveCfg = Debug|Any CPU
		{08639FB3-2485-4185-B178-6593495D3598}.Debug|Any CPU.Build.0 = Debug|Any CPU
		{08639FB3-2485-4185-B178-6593495D3598}.Release|Any CPU.ActiveCfg = Release|Any CPU
		{08639FB3-2485-4185-B178-6593495D3598}.Release|Any CPU.Build.0 = Release|Any CPU
	EndGlobalSection
	GlobalSection(SolutionProperties) = preSolution
		HideSolutionNode = FALSE
	EndGlobalSection
	GlobalSection(ExtensibilityGlobals) = postSolution
		SolutionGuid = {662B97F5-9B1B-4553-803F-9FA47F029BDD}
	EndGlobalSection
EndGlobal
